
Microsoft Visual Studio Solution File, Format Version 12.00
# Visual Studio Version 17
VisualStudioVersion = 17.5.2.0
MinimumVisualStudioVersion = 10.0.40219.1
Project("{FAE04EC0-301F-11D3-BF4B-00C04F79EFBC}") = "GameLibraryApi", "GameLibraryApi\GameLibraryApi.csproj", "{6CAB7D8F-2466-8452-AA37-9518443E370D}"
EndProject
Project("{FAE04EC0-301F-11D3-BF4B-00C04F79EFBC}") = "GameLibraryApi.Tests", "GameLibraryApi.Tests\GameLibraryApi.Tests.csproj", "{475AB223-33A9-40D8-9F80-526D4119EE18}"
EndProject
Project("{FAE04EC0-301F-11D3-BF4B-00C04F79EFBC}") = "GameLibraryFrontend", "GameLibraryFrontend\GameLibraryFrontend.csproj", "{F05AADDF-221B-4FB2-A4B9-CB3CDB33F8BA}"
EndProject
Project("{FAE04EC0-301F-11D3-BF4B-00C04F79EFBC}") = "GameLibrary.Shared", "GameLibrary.Shared\GameLibrary.Shared.csproj", "{EA7F1EFD-F176-4BB6-A661-E777B2D7B199}"
EndProject
Global
	GlobalSection(SolutionConfigurationPlatforms) = preSolution
		Debug|Any CPU = Debug|Any CPU
		Debug|x64 = Debug|x64
		Debug|x86 = Debug|x86
		Release|Any CPU = Release|Any CPU
		Release|x64 = Release|x64
		Release|x86 = Release|x86
	EndGlobalSection
	GlobalSection(ProjectConfigurationPlatforms) = postSolution
		{6CAB7D8F-2466-8452-AA37-9518443E370D}.Debug|Any CPU.ActiveCfg = Debug|Any CPU
		{6CAB7D8F-2466-8452-AA37-9518443E370D}.Debug|Any CPU.Build.0 = Debug|Any CPU
		{6CAB7D8F-2466-8452-AA37-9518443E370D}.Debug|x64.ActiveCfg = Debug|Any CPU
		{6CAB7D8F-2466-8452-AA37-9518443E370D}.Debug|x64.Build.0 = Debug|Any CPU
		{6CAB7D8F-2466-8452-AA37-9518443E370D}.Debug|x86.ActiveCfg = Debug|Any CPU
		{6CAB7D8F-2466-8452-AA37-9518443E370D}.Debug|x86.Build.0 = Debug|Any CPU
		{6CAB7D8F-2466-8452-AA37-9518443E370D}.Release|Any CPU.ActiveCfg = Release|Any CPU
		{6CAB7D8F-2466-8452-AA37-9518443E370D}.Release|Any CPU.Build.0 = Release|Any CPU
		{6CAB7D8F-2466-8452-AA37-9518443E370D}.Release|x64.ActiveCfg = Release|Any CPU
		{6CAB7D8F-2466-8452-AA37-9518443E370D}.Release|x64.Build.0 = Release|Any CPU
		{6CAB7D8F-2466-8452-AA37-9518443E370D}.Release|x86.ActiveCfg = Release|Any CPU
		{6CAB7D8F-2466-8452-AA37-9518443E370D}.Release|x86.Build.0 = Release|Any CPU
		{475AB223-33A9-40D8-9F80-526D4119EE18}.Debug|Any CPU.ActiveCfg = Debug|Any CPU
		{475AB223-33A9-40D8-9F80-526D4119EE18}.Debug|Any CPU.Build.0 = Debug|Any CPU
		{475AB223-33A9-40D8-9F80-526D4119EE18}.Debug|x64.ActiveCfg = Debug|Any CPU
		{475AB223-33A9-40D8-9F80-526D4119EE18}.Debug|x64.Build.0 = Debug|Any CPU
		{475AB223-33A9-40D8-9F80-526D4119EE18}.Debug|x86.ActiveCfg = Debug|Any CPU
		{475AB223-33A9-40D8-9F80-526D4119EE18}.Debug|x86.Build.0 = Debug|Any CPU
		{475AB223-33A9-40D8-9F80-526D4119EE18}.Release|Any CPU.ActiveCfg = Release|Any CPU
		{475AB223-33A9-40D8-9F80-526D4119EE18}.Release|Any CPU.Build.0 = Release|Any CPU
		{475AB223-33A9-40D8-9F80-526D4119EE18}.Release|x64.ActiveCfg = Release|Any CPU
		{475AB223-33A9-40D8-9F80-526D4119EE18}.Release|x64.Build.0 = Release|Any CPU
		{475AB223-33A9-40D8-9F80-526D4119EE18}.Release|x86.ActiveCfg = Release|Any CPU
		{475AB223-33A9-40D8-9F80-526D4119EE18}.Release|x86.Build.0 = Release|Any CPU
		{F05AADDF-221B-4FB2-A4B9-CB3CDB33F8BA}.Debug|Any CPU.ActiveCfg = Debug|Any CPU
		{F05AADDF-221B-4FB2-A4B9-CB3CDB33F8BA}.Debug|Any CPU.Build.0 = Debug|Any CPU
		{F05AADDF-221B-4FB2-A4B9-CB3CDB33F8BA}.Debug|x64.ActiveCfg = Debug|Any CPU
		{F05AADDF-221B-4FB2-A4B9-CB3CDB33F8BA}.Debug|x64.Build.0 = Debug|Any CPU
		{F05AADDF-221B-4FB2-A4B9-CB3CDB33F8BA}.Debug|x86.ActiveCfg = Debug|Any CPU
		{F05AADDF-221B-4FB2-A4B9-CB3CDB33F8BA}.Debug|x86.Build.0 = Debug|Any CPU
		{F05AADDF-221B-4FB2-A4B9-CB3CDB33F8BA}.Release|Any CPU.ActiveCfg = Release|Any CPU
		{F05AADDF-221B-4FB2-A4B9-CB3CDB33F8BA}.Release|Any CPU.Build.0 = Release|Any CPU
		{F05AADDF-221B-4FB2-A4B9-CB3CDB33F8BA}.Release|x64.ActiveCfg = Release|Any CPU
		{F05AADDF-221B-4FB2-A4B9-CB3CDB33F8BA}.Release|x64.Build.0 = Release|Any CPU
		{F05AADDF-221B-4FB2-A4B9-CB3CDB33F8BA}.Release|x86.ActiveCfg = Release|Any CPU
		{F05AADDF-221B-4FB2-A4B9-CB3CDB33F8BA}.Release|x86.Build.0 = Release|Any CPU
		{EA7F1EFD-F176-4BB6-A661-E777B2D7B199}.Debug|Any CPU.ActiveCfg = Debug|Any CPU
		{EA7F1EFD-F176-4BB6-A661-E777B2D7B199}.Debug|Any CPU.Build.0 = Debug|Any CPU
		{EA7F1EFD-F176-4BB6-A661-E777B2D7B199}.Debug|x64.ActiveCfg = Debug|Any CPU
		{EA7F1EFD-F176-4BB6-A661-E777B2D7B199}.Debug|x64.Build.0 = Debug|Any CPU
		{EA7F1EFD-F176-4BB6-A661-E777B2D7B199}.Debug|x86.ActiveCfg = Debug|Any CPU
		{EA7F1EFD-F176-4BB6-A661-E777B2D7B199}.Debug|x86.Build.0 = Debug|Any CPU
		{EA7F1EFD-F176-4BB6-A661-E777B2D7B199}.Release|Any CPU.ActiveCfg = Release|Any CPU
		{EA7F1EFD-F176-4BB6-A661-E777B2D7B199}.Release|Any CPU.Build.0 = Release|Any CPU
		{EA7F1EFD-F176-4BB6-A661-E777B2D7B199}.Release|x64.ActiveCfg = Release|Any CPU
		{EA7F1EFD-F176-4BB6-A661-E777B2D7B199}.Release|x64.Build.0 = Release|Any CPU
		{EA7F1EFD-F176-4BB6-A661-E777B2D7B199}.Release|x86.ActiveCfg = Release|Any CPU
		{EA7F1EFD-F176-4BB6-A661-E777B2D7B199}.Release|x86.Build.0 = Release|Any CPU
	EndGlobalSection
	GlobalSection(SolutionProperties) = preSolution
		HideSolutionNode = FALSE
	EndGlobalSection
	GlobalSection(ExtensibilityGlobals) = postSolution
		SolutionGuid = {55E729B5-AE71-423A-BCA0-E6FABB110AE0}
	EndGlobalSection
EndGlobal
